{
  "name": "pareto-development-tools",
  "version": "0.2.27",
  "lockfileVersion": 3,
  "requires": true,
  "packages": {
    "": {
      "name": "pareto-development-tools",
      "version": "0.2.27",
      "license": "Apache-2.0",
      "dependencies": {
        "astn-core": "^0.5.0",
        "liana-core": "^0.1.0",
        "pareto-application-api": "^0.1.0",
        "pareto-core": "^0.1.0",
        "pareto-core-dev": "^0.12.0",
        "pareto-core-shorthands": "^0.2.0",
        "pareto-csv": "^0.1.0",
        "pareto-filesystem-unrestricted-api": "^0.1.0",
        "pareto-fountain-pen": "^0.4.0",
        "pareto-fountain-pen-file-structure": "^0.1.0",
        "pareto-graphviz": "^0.2.0",
        "pareto-json": "^0.3.0",
        "pareto-resources": "^0.2.0",
        "pareto-static-html": "^0.1.0",
        "pareto-stream-api": "^0.1.0"
      }
    },
    "node_modules/astn-core": {
      "version": "0.5.147",
      "resolved": "https://registry.npmjs.org/astn-core/-/astn-core-0.5.147.tgz",
      "integrity": "sha512-rAwUPEnCKYzNfhQCJODnGe/dXeAvqr25ipt/LJvInrPX7WPbFF0WfsjhraH24T9bn1GoUYSsqitAHNrDSqcfog==",
      "license": "Apache-2.0",
      "dependencies": {
        "pareto-core": "^0.1.0",
        "pareto-fountain-pen": "^0.4.0"
      }
    },
    "node_modules/liana-core": {
      "version": "0.1.45",
      "resolved": "https://registry.npmjs.org/liana-core/-/liana-core-0.1.45.tgz",
      "integrity": "sha512-oZOSj001QFxm0scEzz32z+bnkHEzlnaDa7naZZRyxdM1ZFeP8VRaINnCuZx7+l/quhjUi08A3VdPLeVCbwP2UA==",
      "license": "Apache-2.0",
      "dependencies": {
        "astn-core": "^0.5.0",
        "pareto-core": "^0.1.0",
        "pareto-fountain-pen": "^0.4.0"
      }
    },
    "node_modules/pareto-application-api": {
      "version": "0.1.7",
      "resolved": "https://registry.npmjs.org/pareto-application-api/-/pareto-application-api-0.1.7.tgz",
      "integrity": "sha512-mTFv1nL8jyYAGmEb38AJdtuVu8TfbZNRmFvNYPjHrIRzBcB7xx7hR6C8WUqWEbv9XNig9G4KEfa0MKNCTPR2WQ==",
      "license": "Apache-2.0",
      "dependencies": {
        "pareto-core": "^0.1.0"
      }
    },
    "node_modules/pareto-core": {
      "version": "0.1.279",
      "resolved": "https://registry.npmjs.org/pareto-core/-/pareto-core-0.1.279.tgz",
      "integrity": "sha512-AGkMPc3ZSH0TZvRL/KO9DW6reWNtJU+u+BAbsqd0Cr5ynqVWuP8545Bfayo6HFdTdaYzMi3a44ZVnUXs4wTApw==",
      "license": "Apache-2.0"
    },
    "node_modules/pareto-core-dev": {
      "version": "0.12.25",
      "resolved": "https://registry.npmjs.org/pareto-core-dev/-/pareto-core-dev-0.12.25.tgz",
      "integrity": "sha512-uHoN4nh9z1YsqkSA3vlsd6uSe1b237aXhmbRKGvX/gAd/s058/8Vb58526mqs9vWgaiF7u5JoPbFEYCbV1zFhw==",
      "license": "Apache-2.0",
      "dependencies": {
        "pareto-core": "^0.1.0"
      }
    },
    "node_modules/pareto-core-shorthands": {
      "version": "0.2.61",
      "resolved": "https://registry.npmjs.org/pareto-core-shorthands/-/pareto-core-shorthands-0.2.61.tgz",
      "integrity": "sha512-dCPj+lF9rBzFYc94/Hd27cHzki7pYixB/UgoznIGkf3Eay8Ydv6yMTLEnMZ9aMfSaEjiwJFXkg21zijCI0R2ww==",
      "license": "Apache-2.0",
      "dependencies": {
        "pareto-core": "^0.1.0"
      }
    },
    "node_modules/pareto-csv": {
      "version": "0.1.12",
      "resolved": "https://registry.npmjs.org/pareto-csv/-/pareto-csv-0.1.12.tgz",
      "integrity": "sha512-dEwxmohmFIqLnd6X35wyt6s8CTC1jqSNWbB2ywgc9gZ0kEIvkGGwrEOubbAO4u1iOhE1RSeL1j9rq7I1qo02Rw==",
      "license": "Apache-2.0",
      "dependencies": {
        "pareto-core": "^0.1.0",
        "pareto-fountain-pen": "^0.4.0"
      },
      "engines": {
        "node": ">=14.0.0"
      }
    },
    "node_modules/pareto-filesystem-unrestricted-api": {
      "version": "0.1.16",
      "resolved": "https://registry.npmjs.org/pareto-filesystem-unrestricted-api/-/pareto-filesystem-unrestricted-api-0.1.16.tgz",
      "integrity": "sha512-XLQ7UjY/xiujxBNrAq9Km8mt+ujPbam57voBcUOIHuS3I+Tl4+qJZG8Vu2xceOuvoVqT/jseAzYV3TWCzN4fCg==",
      "license": "Apache-2.0",
      "dependencies": {
        "pareto-core": "^0.1.0",
        "pareto-fountain-pen": "^0.4.0"
      }
    },
    "node_modules/pareto-fountain-pen": {
      "version": "0.4.101",
      "resolved": "https://registry.npmjs.org/pareto-fountain-pen/-/pareto-fountain-pen-0.4.101.tgz",
      "integrity": "sha512-WKnbM1WHftBi7zID7NMA89C1Z8jP05dT5YUu/sb+kSo+4LCwAZSuljiKtV98fuASzSa6UlT7IfgxOGPh0jKceA==",
      "license": "Apache-2.0",
      "dependencies": {
        "pareto-core": "^0.1.0",
        "pareto-core-shorthands": "^0.2.0"
      },
      "engines": {
        "node": ">=14.0.0"
      }
    },
    "node_modules/pareto-fountain-pen-file-structure": {
      "version": "0.1.40",
      "resolved": "https://registry.npmjs.org/pareto-fountain-pen-file-structure/-/pareto-fountain-pen-file-structure-0.1.40.tgz",
      "integrity": "sha512-Y+fhxblx95d1k1KVln5l1Peu6Eg/m+s83AUZzEZo0rTuz4p7ajXFZbAG2+jS7RJf+tFcMRJl76RZo8vrOYeQUg==",
      "license": "Apache-2.0",
      "dependencies": {
        "pareto-core": "^0.1.0",
        "pareto-core-shorthands": "^0.2.0",
        "pareto-filesystem-unrestricted-api": "^0.1.0",
        "pareto-fountain-pen": "^0.4.0",
        "pareto-resources": "^0.2.0"
      },
      "engines": {
        "node": ">=14.0.0"
      }
    },
    "node_modules/pareto-graphviz": {
      "version": "0.2.57",
      "resolved": "https://registry.npmjs.org/pareto-graphviz/-/pareto-graphviz-0.2.57.tgz",
      "integrity": "sha512-mgJNB655oq4eALsdn+ZHYVnsqWeZiarMRD2s6ygNYB+mfU0i8yXqtAnmL48L6YZAvKzviBHvwXhk9zyGtX/YhA==",
      "license": "Apache-2.0",
      "dependencies": {
        "astn-core": "^0.5.0",
        "liana-core": "^0.1.0",
        "pareto-core": "^0.1.0",
        "pareto-core-shorthands": "^0.2.0",
        "pareto-fountain-pen": "^0.4.101",
        "pareto-static-html": "^0.1.0"
      },
      "engines": {
        "node": ">=14.0.0"
      }
    },
    "node_modules/pareto-json": {
      "version": "0.3.87",
      "resolved": "https://registry.npmjs.org/pareto-json/-/pareto-json-0.3.87.tgz",
      "integrity": "sha512-p4Ghv6vWsdm2vlr2Xj/jE5U+aeU1rrXTZLBV/m+cQFDg1WqQYwWeaPRuhErj3S80f0hZxd0+ilNCerG/dk/4oA==",
      "license": "Apache-2.0",
      "dependencies": {
        "astn-core": "^0.5.0",
        "pareto-core": "^0.1.0",
        "pareto-core-shorthands": "^0.2.0",
        "pareto-fountain-pen": "^0.4.0"
      },
      "engines": {
        "node": ">=14.0.0"
      }
    },
    "node_modules/pareto-resources": {
      "version": "0.2.152",
      "resolved": "https://registry.npmjs.org/pareto-resources/-/pareto-resources-0.2.152.tgz",
      "integrity": "sha512-lDfhfCQ+RBrEzBz0Uvvzz7VZVxGbOKLLxZqhhSmJW6iFHNzBS72lFVlHYk5EkoL9owWlyUqJ2WbjaONcqFtAwg==",
      "license": "Apache-2.0",
      "dependencies": {
        "pareto-core": "^0.1.0",
        "pareto-fountain-pen": "^0.4.0"
      }
    },
    "node_modules/pareto-static-html": {
      "version": "0.1.65",
      "resolved": "https://registry.npmjs.org/pareto-static-html/-/pareto-static-html-0.1.65.tgz",
      "integrity": "sha512-f/VcbkHGMFZ9zUEYvn1BOYOYxwp+Q58laBdeScVDefa5XDhlaltMP+7NIYI0hwfPy7OFjaFVBtfPgpGTmg9new==",
      "license": "Apache-2.0",
      "dependencies": {
        "astn-core": "^0.5.0",
        "liana-core": "^0.1.0",
        "pareto-core": "^0.1.0",
        "pareto-core-shorthands": "^0.2.0",
        "pareto-fountain-pen": "^0.4.0"
      }
    },
    "node_modules/pareto-stream-api": {
      "version": "0.1.33",
      "resolved": "https://registry.npmjs.org/pareto-stream-api/-/pareto-stream-api-0.1.33.tgz",
      "integrity": "sha512-0KDSTwiOPpAF1tboXapbg6qQoRTkugcY+XyCAvQCybCmNxxLhhuDhLp6Sdln3jubnbf70DIfYanYmEV/TbVMCg==",
      "license": "Apache-2.0",
      "dependencies": {
        "pareto-core": "^0.1.0",
        "pareto-fountain-pen": "^0.4.0"
      }
    }
  }
}
