{
  "name": "pareto-development-tools",
  "version": "0.2.27",
  "lockfileVersion": 3,
  "requires": true,
  "packages": {
    "": {
      "name": "pareto-development-tools",
      "version": "0.2.27",
      "license": "Apache-2.0",
      "dependencies": {
        "astn-core": "^0.5.0",
        "liana-core": "^0.1.0",
        "pareto-application-api": "^0.1.0",
        "pareto-core": "^0.1.0",
        "pareto-core-dev": "^0.12.0",
        "pareto-core-shorthands": "^0.2.0",
        "pareto-csv": "^0.1.0",
        "pareto-filesystem-unrestricted-api": "^0.1.0",
        "pareto-fountain-pen": "^0.4.0",
        "pareto-fountain-pen-file-structure": "^0.1.0",
        "pareto-graphviz": "^0.2.0",
        "pareto-json": "^0.3.0",
        "pareto-resources": "^0.2.0",
        "pareto-static-html": "^0.1.0",
        "pareto-stream-api": "^0.1.0"
      }
    },
    "node_modules/astn-core": {
      "version": "0.5.131",
      "resolved": "https://registry.npmjs.org/astn-core/-/astn-core-0.5.131.tgz",
      "integrity": "sha512-zeiYAtgb8eQ9lda/AIbV8rdIcvWXh0m0OfM5+PNu5Kti40IfRERpb2Xj5N5ZAw094r0AuEJj6Qs2d8Ruf5NHFQ==",
      "license": "Apache-2.0",
      "dependencies": {
        "pareto-core": "^0.1.0",
        "pareto-fountain-pen": "^0.4.0"
      }
    },
    "node_modules/liana-core": {
      "version": "0.1.38",
      "resolved": "https://registry.npmjs.org/liana-core/-/liana-core-0.1.38.tgz",
      "integrity": "sha512-oeI45oYhViwVBGSvzqj8GCBTESNjeanikJM3RwGnMRGhzhtoGPb6syR2kSrVHJpjo7qSYckZ0bhYtuho+AllUQ==",
      "license": "Apache-2.0",
      "dependencies": {
        "astn-core": "^0.5.0",
        "pareto-core": "^0.1.0",
        "pareto-fountain-pen": "^0.4.0"
      }
    },
    "node_modules/pareto-application-api": {
      "version": "0.1.5",
      "resolved": "https://registry.npmjs.org/pareto-application-api/-/pareto-application-api-0.1.5.tgz",
      "integrity": "sha512-LPoNt1bKg+PKj/Gyr9Nua58kbvPV2DEe1ZrcSnIghiPx2T94Opt8BKrt49u/wbji/VGtNOGBw+U5DaWxm+4ulw==",
      "license": "Apache-2.0",
      "dependencies": {
        "pareto-core": "^0.1.0"
      }
    },
    "node_modules/pareto-core": {
      "version": "0.1.263",
      "resolved": "https://registry.npmjs.org/pareto-core/-/pareto-core-0.1.263.tgz",
      "integrity": "sha512-BDQCkYf0V3KG8rz52lhr0bEHII0rAV69M+on6agXAomgvevgBOOInzcnOzeTEg1GCl7YpSBqOzVYpGelKEscbw==",
      "license": "Apache-2.0"
    },
    "node_modules/pareto-core-dev": {
      "version": "0.12.25",
      "resolved": "https://registry.npmjs.org/pareto-core-dev/-/pareto-core-dev-0.12.25.tgz",
      "integrity": "sha512-uHoN4nh9z1YsqkSA3vlsd6uSe1b237aXhmbRKGvX/gAd/s058/8Vb58526mqs9vWgaiF7u5JoPbFEYCbV1zFhw==",
      "license": "Apache-2.0",
      "dependencies": {
        "pareto-core": "^0.1.0"
      }
    },
    "node_modules/pareto-core-shorthands": {
      "version": "0.2.59",
      "resolved": "https://registry.npmjs.org/pareto-core-shorthands/-/pareto-core-shorthands-0.2.59.tgz",
      "integrity": "sha512-oDuGuPJx1zez+l47LE0gL+oL6Cd0whsed5jKqwNxTDKxs1lxGyl+LBL9UDqgpRvVQn61nUerG+IA77TzeR4fjw==",
      "license": "Apache-2.0",
      "dependencies": {
        "liana-core": "^0.1.0",
        "pareto-core": "^0.1.0"
      }
    },
    "node_modules/pareto-csv": {
      "version": "0.1.9",
      "resolved": "https://registry.npmjs.org/pareto-csv/-/pareto-csv-0.1.9.tgz",
      "integrity": "sha512-CwFtO3sBWwqoe178dB9QdViDK7NprsCIs9deVPrYBy85yE7DdqOeErWYWh4WyrxewqlohnT/rD+t6PulcIgftg==",
      "license": "Apache-2.0",
      "dependencies": {
        "pareto-core": "^0.1.0",
        "pareto-fountain-pen": "^0.4.0"
      },
      "engines": {
        "node": ">=14.0.0"
      }
    },
    "node_modules/pareto-filesystem-unrestricted-api": {
      "version": "0.1.9",
      "resolved": "https://registry.npmjs.org/pareto-filesystem-unrestricted-api/-/pareto-filesystem-unrestricted-api-0.1.9.tgz",
      "integrity": "sha512-gzo6amjfH5Fif9GrCAt8aRn9wsJxzCjFVlh9miDLv6Op/KZI/0foE+nxRQ4oe2XWXmRMcYAuvrL4M9IPUNdgiw==",
      "license": "Apache-2.0",
      "dependencies": {
        "astn-core": "^0.5.0",
        "liana-core": "^0.1.0",
        "pareto-core": "^0.1.0",
        "pareto-core-dev": "^0.12.0",
        "pareto-fountain-pen": "^0.4.0"
      }
    },
    "node_modules/pareto-fountain-pen": {
      "version": "0.4.85",
      "resolved": "https://registry.npmjs.org/pareto-fountain-pen/-/pareto-fountain-pen-0.4.85.tgz",
      "integrity": "sha512-OCuPKN39OFgc+VuIEFOJuGw6g07ZA7yUNQGI/rPl5h8rnuuHAGe/NzQ/3iyK7MWaGAQiWzviFMs+CvbH/OdtCA==",
      "license": "Apache-2.0",
      "dependencies": {
        "pareto-core": "^0.1.0",
        "pareto-core-shorthands": "^0.2.0"
      },
      "engines": {
        "node": ">=14.0.0"
      }
    },
    "node_modules/pareto-fountain-pen-file-structure": {
      "version": "0.1.39",
      "resolved": "https://registry.npmjs.org/pareto-fountain-pen-file-structure/-/pareto-fountain-pen-file-structure-0.1.39.tgz",
      "integrity": "sha512-vHH0WhFYwV9EYhxtjkRfMIyuiZ7pqjponDaXjAEc2F6pFXwPXSiUjVJrkfUhrQIC08Gu9L7cQ6ZK4AJc/pRxPg==",
      "license": "Apache-2.0",
      "dependencies": {
        "pareto-core": "^0.1.0",
        "pareto-core-shorthands": "^0.2.0",
        "pareto-filesystem-unrestricted-api": "^0.1.0",
        "pareto-fountain-pen": "^0.4.0",
        "pareto-resources": "^0.2.0"
      },
      "engines": {
        "node": ">=14.0.0"
      }
    },
    "node_modules/pareto-graphviz": {
      "version": "0.2.54",
      "resolved": "https://registry.npmjs.org/pareto-graphviz/-/pareto-graphviz-0.2.54.tgz",
      "integrity": "sha512-GbCHghCCg4G5yUM3/2UU582sbuEubILiKPhV7mU14RozsAKZjV5J2wWwXcnH7arlamDmb/G9BDG4z6nKTTHgaQ==",
      "license": "Apache-2.0",
      "dependencies": {
        "astn-core": "^0.5.0",
        "liana-core": "^0.1.0",
        "pareto-core": "^0.1.0",
        "pareto-core-shorthands": "^0.2.0",
        "pareto-fountain-pen": "^0.4.0",
        "pareto-static-html": "^0.1.0"
      },
      "engines": {
        "node": ">=14.0.0"
      }
    },
    "node_modules/pareto-json": {
      "version": "0.3.82",
      "resolved": "https://registry.npmjs.org/pareto-json/-/pareto-json-0.3.82.tgz",
      "integrity": "sha512-FS5a6kMoeIZoWD7azuf3H2OprjYEOZNLdplXtdFbVZ81mm6RhnV2BrNwg8JU3hhvKHiN9oa90TzcrXQKlIFWbA==",
      "license": "Apache-2.0",
      "dependencies": {
        "astn-core": "^0.5.0",
        "pareto-core": "^0.1.0",
        "pareto-core-shorthands": "^0.2.0",
        "pareto-fountain-pen": "^0.4.0"
      },
      "engines": {
        "node": ">=14.0.0"
      }
    },
    "node_modules/pareto-resources": {
      "version": "0.2.146",
      "resolved": "https://registry.npmjs.org/pareto-resources/-/pareto-resources-0.2.146.tgz",
      "integrity": "sha512-X1ShcyQCh3aZ6bf4NpUknWXdmpVw+ck3lqeTfbV4sGdC0zUeiy16IGpNc9uS0z+wkgf9fQPeRYV5+J4lu8/DfQ==",
      "license": "Apache-2.0",
      "dependencies": {
        "astn-core": "^0.5.0",
        "liana-core": "^0.1.0",
        "pareto-core": "^0.1.0",
        "pareto-core-dev": "^0.12.0",
        "pareto-fountain-pen": "^0.4.0"
      }
    },
    "node_modules/pareto-static-html": {
      "version": "0.1.62",
      "resolved": "https://registry.npmjs.org/pareto-static-html/-/pareto-static-html-0.1.62.tgz",
      "integrity": "sha512-VSIQkQ51DxXCwxaDeOGMnCX9L4aeOoQ8HQU0hIWOQ0lbURg+iZuoB+/DYwhg0clYLdrDCHWpXTKDss7hXytmfw==",
      "license": "Apache-2.0",
      "dependencies": {
        "astn-core": "^0.5.0",
        "liana-core": "^0.1.0",
        "pareto-core": "^0.1.0",
        "pareto-core-shorthands": "^0.2.0",
        "pareto-fountain-pen": "^0.4.0"
      }
    },
    "node_modules/pareto-stream-api": {
      "version": "0.1.25",
      "resolved": "https://registry.npmjs.org/pareto-stream-api/-/pareto-stream-api-0.1.25.tgz",
      "integrity": "sha512-XymPj0+7BRMkVq0nWbJaEkF8+fxUGfn5FsLFsssY52NPCMcf+fBygOT3xEjTVhUdzO5V8MmQOI9P3TfUc4tw7A==",
      "license": "Apache-2.0",
      "dependencies": {
        "astn-core": "^0.5.0",
        "liana-core": "^0.1.0",
        "pareto-core": "^0.1.0",
        "pareto-core-dev": "^0.12.0",
        "pareto-fountain-pen": "^0.4.0"
      }
    }
  }
}
