{
  "name": "pareto-development-tools",
  "version": "1.0.0",
  "lockfileVersion": 3,
  "requires": true,
  "packages": {
    "": {
      "name": "pareto-development-tools",
      "version": "1.0.0",
      "dependencies": {
        "exupery-core-alg": "^0.1.12"
      },
      "bin": {
        "pareto": "dist/bin/pareto.js"
      },
      "devDependencies": {
        "@types/node": "^20.0.0",
        "typescript": "^5.0.0"
      }
    },
    "node_modules/@types/node": {
      "version": "20.19.23",
      "resolved": "https://registry.npmjs.org/@types/node/-/node-20.19.23.tgz",
      "integrity": "sha512-yIdlVVVHXpmqRhtyovZAcSy0MiPcYWGkoO4CGe/+jpP0hmNuihm4XhHbADpK++MsiLHP5MVlv+bcgdF99kSiFQ==",
      "dev": true,
      "license": "MIT",
      "dependencies": {
        "undici-types": "~6.21.0"
      }
    },
    "node_modules/exupery-core-alg": {
      "version": "0.1.12",
      "resolved": "https://registry.npmjs.org/exupery-core-alg/-/exupery-core-alg-0.1.12.tgz",
      "integrity": "sha512-lkSC8L5gdr8r/K/k5azsRUsIi1il3CL/+CjPn7aFDS1L7hf9q56mqp04+urDEeSubd3ufT9WJvHfdMminab6hQ==",
      "license": "ISC",
      "dependencies": {
        "exupery-core-internals": "^0.1.12"
      }
    },
    "node_modules/exupery-core-internals": {
      "version": "0.1.13",
      "resolved": "https://registry.npmjs.org/exupery-core-internals/-/exupery-core-internals-0.1.13.tgz",
      "integrity": "sha512-iKVBxTnczCB5Ax5YnUHDYbrrjOtpcDUDaxFEVk8W3ZWjYnPWr5+ctkIqrbK+QCuYEvYMwdiuzK/xnWGsGCKe5Q==",
      "license": "ISC",
      "dependencies": {
        "exupery-core-types": "^0.1.6"
      }
    },
    "node_modules/exupery-core-types": {
      "version": "0.1.6",
      "resolved": "https://registry.npmjs.org/exupery-core-types/-/exupery-core-types-0.1.6.tgz",
      "integrity": "sha512-KhulSFIk8Te7EhJH6mW/fyF/liUkB+Cl2tcbPXnxXjUvHLZc15aYM9OFuFpoHGkX2ZsjMOkcDEsQW15Dirdy+w==",
      "license": "Apache-2.0"
    },
    "node_modules/typescript": {
      "version": "5.9.3",
      "resolved": "https://registry.npmjs.org/typescript/-/typescript-5.9.3.tgz",
      "integrity": "sha512-jl1vZzPDinLr9eUt3J/t7V6FgNEw9QjvBPdysz9KfQDD41fQrC2Y4vKQdiaUpFT4bXlb1RHhLpp8wtm6M5TgSw==",
      "dev": true,
      "license": "Apache-2.0",
      "bin": {
        "tsc": "bin/tsc",
        "tsserver": "bin/tsserver"
      },
      "engines": {
        "node": ">=14.17"
      }
    },
    "node_modules/undici-types": {
      "version": "6.21.0",
      "resolved": "https://registry.npmjs.org/undici-types/-/undici-types-6.21.0.tgz",
      "integrity": "sha512-iwDZqg0QAGrg9Rav5H4n0M64c3mkR59cJ6wQp+7C4nI0gsmExaedaYLNO44eT4AtBBwjbTiGPMlt2Md0T9H9JQ==",
      "dev": true,
      "license": "MIT"
    }
  }
}
