{
  "name": "pub",
  "lockfileVersion": 3,
  "requires": true,
  "packages": {
    "": {
      "dependencies": {
        "exupery-core-async": "^0.3.7",
        "exupery-core-bin": "^0.3.12",
        "exupery-core-dev": "^0.3.1",
        "exupery-resources": "^0.3.6",
        "pareto-standard-operations": "^0.3.7"
      }
    },
    "node_modules/exupery-core-alg": {
      "version": "0.5.7",
      "resolved": "https://registry.npmjs.org/exupery-core-alg/-/exupery-core-alg-0.5.7.tgz",
      "integrity": "sha512-MRR052jPQdo3XIaNc4oemhkiaKt/VQhOsxGTtSDb6Iiq/2Ha3+NTHlVeCNiQzSw5nrAhaDK8zefBDRMvw3Hgvw==",
      "license": "ISC",
      "dependencies": {
        "exupery-core-internals": "^0.3.1"
      }
    },
    "node_modules/exupery-core-async": {
      "version": "0.3.7",
      "resolved": "https://registry.npmjs.org/exupery-core-async/-/exupery-core-async-0.3.7.tgz",
      "integrity": "sha512-+S53r+gEORT38k96kNA4hYimPnXgNnkKfMPnq2lGQyHmpb7xhwFottD2H4duYyfO/uAcQukLAqc7iTRxQ9pLpw==",
      "license": "Apache-2.0",
      "dependencies": {
        "exupery-core-internals": "^0.3.1"
      }
    },
    "node_modules/exupery-core-bin": {
      "version": "0.3.12",
      "resolved": "https://registry.npmjs.org/exupery-core-bin/-/exupery-core-bin-0.3.12.tgz",
      "integrity": "sha512-DhRB1mJegITYKil8TKPSUd3KFpGKlV8wxe11iBZB/3XNWVJgsTN0z7cK+eBoLsIpyge5zfAQFZL4ZRn3hI41SQ==",
      "license": "ISC",
      "dependencies": {
        "exupery-core-async": "^0.3.7",
        "exupery-core-internals": "^0.3.1",
        "exupery-resources": "^0.3.6"
      }
    },
    "node_modules/exupery-core-dev": {
      "version": "0.3.1",
      "resolved": "https://registry.npmjs.org/exupery-core-dev/-/exupery-core-dev-0.3.1.tgz",
      "integrity": "sha512-5ZYKHXeXX7UsOyK19GXAjZkKFL3EB9afy/QZzHqqsjwSg11EmlLcNGX/5Xcdy69xcZ8NR/nTW6jVfkh0p9F7uw==",
      "license": "ISC",
      "dependencies": {
        "exupery-core-internals": "^0.3.0"
      }
    },
    "node_modules/exupery-core-internals": {
      "version": "0.3.1",
      "resolved": "https://registry.npmjs.org/exupery-core-internals/-/exupery-core-internals-0.3.1.tgz",
      "integrity": "sha512-G1INJ8mPhCNLgtAZ3DHRo11EShQmC/6Hbg75Fxpxja8lBNTpX66/AFmDZ7B0Q4XuHfDWsJctxDoBzsFxpsg+BA==",
      "license": "ISC",
      "dependencies": {
        "exupery-core-types": "^0.3.2"
      }
    },
    "node_modules/exupery-core-types": {
      "version": "0.3.3",
      "resolved": "https://registry.npmjs.org/exupery-core-types/-/exupery-core-types-0.3.3.tgz",
      "integrity": "sha512-4ooknrZ0nvNT4RhZooxehyJl+R2AdYAWFVcK0spBTfnUhuocCNzuX1/ACi519dKolvBZx2sP6vB6fGrtG9zg4Q==",
      "license": "Apache-2.0"
    },
    "node_modules/exupery-resources": {
      "version": "0.3.6",
      "resolved": "https://registry.npmjs.org/exupery-resources/-/exupery-resources-0.3.6.tgz",
      "integrity": "sha512-my/FlgS5XmjgLtI82XR6lakFy6ZgeO6kESrpR/Hbw//fNE922dAsU2r2uSWG0uHpmTvxoRbLRLz28O23fChz4w==",
      "dependencies": {
        "exupery-core-alg": "^0.5.6",
        "exupery-core-async": "^0.3.5",
        "exupery-core-dev": "^0.3.1",
        "exupery-standard-library": "^0.3.0"
      }
    },
    "node_modules/exupery-standard-library": {
      "version": "0.3.0",
      "resolved": "https://registry.npmjs.org/exupery-standard-library/-/exupery-standard-library-0.3.0.tgz",
      "integrity": "sha512-CFnKIiUalsvJdtXvYQfCN+51uAwN9VEyqxI6NMygzNKDzLS8Za7tJ3PQPGo34F2MXXb+uKk8pkzsIMUIxz7r/g==",
      "dependencies": {
        "exupery-core-alg": "^0.5.0"
      }
    },
    "node_modules/pareto-standard-operations": {
      "version": "0.3.7",
      "resolved": "https://registry.npmjs.org/pareto-standard-operations/-/pareto-standard-operations-0.3.7.tgz",
      "integrity": "sha512-LwrjJpHR4XO0g5p2Y6jlbYYuaggm1erPJL4UMgB8J8R8X2MYme+gN2rqputJjHyphUV7iquu+ChECRX0naIRoA==",
      "dependencies": {
        "exupery-core-alg": "^0.5.6"
      }
    }
  }
}
